github.com/whoisnian/glb v1.5.4 h1:Z4f3N71lCJwwVDt4jwrVa4zXE55bxOM3DrAoVZ0yHZs=
github.com/whoisnian/glb v1.5.4/go.mod h1:qVvkXh266pxUzzAhPk6Nq7tolC0VEgOxgvcRlbZ6xHs=
golang.org/x/sys v0.31.0 h1:ioabZlmFYtWhL+TRYpcnNlLwhyxaM9kWTDEmfnprqik=
golang.org/x/sys v0.31.0/go.mod h1:BJP2sWEmIv4KK5OTEluFJCKSidICx8ciO85XgH3Ak8k=
