github.com/whoisnian/glb v1.1.1 h1:8miHOJWKMeQp9km2iFUIh7SVZQkEj6JO3x2rXrKbqzI=
github.com/whoisnian/glb v1.1.1/go.mod h1:dw50N/+UXKEOzmbAsL1iCsKf2Q7xIQqish0jWW5uRDE=
golang.org/x/net v0.0.0-20220728211354-c7608f3a8462 h1:UreQrH7DbFXSi9ZFox6FNT3WBooWmdANpU+IfkT1T4I=
golang.org/x/net v0.0.0-20220728211354-c7608f3a8462/go.mod h1:YDH+HFinaLZZlnHAfSS6ZXJJ9M9t4Dl22yv3iI2vPwk=
golang.org/x/sys v0.0.0-20220731174439-a90be440212d h1:Sv5ogFZatcgIMMtBSTTAgMYsicp25MXBubjXNDKwm80=
golang.org/x/term v0.0.0-20220722155259-a9ba230a4035 h1:Q5284mrmYTpACcm+eAKjKJH48BBwSyfJqmmGDTtT8Vc=
